
Microsoft Visual Studio Solution File, Format Version 12.00
# Visual Studio Version 17
VisualStudioVersion = 17.4.33110.190
MinimumVisualStudioVersion = 10.0.40219.1
Project("{9A19103F-16F7-4668-BE54-9A1E7A4F7556}") = "JavaScriptInterop", "JavaScriptInterop.csproj", "{2B8F685B-863B-472C-A616-D556E44D0656}"
EndProject
Global
	GlobalSection(SolutionConfigurationPlatforms) = preSolution
		Debug|Any CPU = Debug|Any CPU
		Release|Any CPU = Release|Any CPU
	EndGlobalSection
	GlobalSection(ProjectConfigurationPlatforms) = postSolution
		{2B8F685B-863B-472C-A616-D556E44D0656}.Debug|Any CPU.ActiveCfg = Debug|Any CPU
		{2B8F685B-863B-472C-A616-D556E44D0656}.Debug|Any CPU.Build.0 = Debug|Any CPU
		{2B8F685B-863B-472C-A616-D556E44D0656}.Release|Any CPU.ActiveCfg = Release|Any CPU
		{2B8F685B-863B-472C-A616-D556E44D0656}.Release|Any CPU.Build.0 = Release|Any CPU
	EndGlobalSection
	GlobalSection(SolutionProperties) = preSolution
		HideSolutionNode = FALSE
	EndGlobalSection
	GlobalSection(ExtensibilityGlobals) = postSolution
		SolutionGuid = {8A730D7D-3829-4347-943E-0CA6816E09B4}
	EndGlobalSection
EndGlobal
